
Microsoft Visual Studio Solution File, Format Version 12.00
# Visual Studio Version 16
VisualStudioVersion = 16.0.29326.143
MinimumVisualStudioVersion = 10.0.40219.1
Project("{FAE04EC0-301F-11D3-BF4B-00C04F79EFBC}") = "Singleton", "Singleton\Singleton.csproj", "{BFA64542-61D4-44A0-BCEC-C3D85F4A11C4}"
EndProject
Project("{FAE04EC0-301F-11D3-BF4B-00C04F79EFBC}") = "FactoryMethod", "FactoryMethod\FactoryMethod.csproj", "{CC5ADC80-D22C-4508-85D6-5D4895D3C02D}"
EndProject
Project("{FAE04EC0-301F-11D3-BF4B-00C04F79EFBC}") = "AbstractFactory", "AbstractFactory\AbstractFactory.csproj", "{A5C740FE-D646-485D-B8E3-5EB79BBF0986}"
EndProject
Project("{FAE04EC0-301F-11D3-BF4B-00C04F79EFBC}") = "Builder", "Builder\Builder.csproj", "{FF6484EF-DF22-465B-A705-83759DB71F3F}"
EndProject
Project("{FAE04EC0-301F-11D3-BF4B-00C04F79EFBC}") = "Prototype", "Prototype\Prototype.csproj", "{FB935516-2C7D-4F57-A77A-EE15605898D4}"
EndProject
Project("{FAE04EC0-301F-11D3-BF4B-00C04F79EFBC}") = "Adapter", "Adapter\Adapter.csproj", "{4325AAE5-AA9E-4BAF-A5C0-3FBC37747802}"
EndProject
Project("{FAE04EC0-301F-11D3-BF4B-00C04F79EFBC}") = "Bridge", "Bridge\Bridge.csproj", "{A6AB9971-C792-4AC3-9292-41013F2F615B}"
EndProject
Project("{FAE04EC0-301F-11D3-BF4B-00C04F79EFBC}") = "Composite", "Composite\Composite.csproj", "{DB39C10C-C91A-4F86-A5E6-C954C6F748E2}"
EndProject
Project("{FAE04EC0-301F-11D3-BF4B-00C04F79EFBC}") = "Decorator", "Decorator\Decorator.csproj", "{F0279E78-B71F-424E-B2E6-E1A60B41D7EE}"
EndProject
Project("{FAE04EC0-301F-11D3-BF4B-00C04F79EFBC}") = "Facade", "Facade\Facade.csproj", "{FAFD6EAD-211D-4B04-A0E8-E32B4CE1B948}"
EndProject
Project("{FAE04EC0-301F-11D3-BF4B-00C04F79EFBC}") = "Flyweight", "Flyweight\Flyweight.csproj", "{E393AD30-A3F9-4C29-8904-729E43792697}"
EndProject
Project("{FAE04EC0-301F-11D3-BF4B-00C04F79EFBC}") = "Proxy", "Proxy\Proxy.csproj", "{52D2F5A5-EA57-4320-9F0F-89B85F8E0830}"
EndProject
Project("{FAE04EC0-301F-11D3-BF4B-00C04F79EFBC}") = "ChainResponsibility", "ChainResponsibility\ChainResponsibility.csproj", "{BBB06EB5-5B87-480F-AFCB-FAE030E4F9E8}"
EndProject
Project("{FAE04EC0-301F-11D3-BF4B-00C04F79EFBC}") = "Command", "Command\Command.csproj", "{CAC59472-5A32-4B55-983B-0E42DE6DF5D4}"
EndProject
Project("{FAE04EC0-301F-11D3-BF4B-00C04F79EFBC}") = "Interpreter", "Interpreter\Interpreter.csproj", "{F5115FE2-F492-4416-98B0-EF78BDA6A2A9}"
EndProject
Project("{FAE04EC0-301F-11D3-BF4B-00C04F79EFBC}") = "Iterator", "Iterator\Iterator.csproj", "{848B33F2-3FC2-4152-8384-810F4FEE1B8B}"
EndProject
Project("{FAE04EC0-301F-11D3-BF4B-00C04F79EFBC}") = "Mediator", "ConsoleApp1\Mediator.csproj", "{6885DA56-73D3-437C-A8E5-5D1856CE7360}"
EndProject
Project("{FAE04EC0-301F-11D3-BF4B-00C04F79EFBC}") = "Memento", "Memento\Memento.csproj", "{E56BC323-C64E-434C-A09A-38D7B5838E64}"
EndProject
Project("{FAE04EC0-301F-11D3-BF4B-00C04F79EFBC}") = "Observer", "Observer\Observer.csproj", "{BE8E1E22-4192-4A00-B04F-7D64DEA0B2BD}"
EndProject
Global
	GlobalSection(SolutionConfigurationPlatforms) = preSolution
		Debug|Any CPU = Debug|Any CPU
		Release|Any CPU = Release|Any CPU
	EndGlobalSection
	GlobalSection(ProjectConfigurationPlatforms) = postSolution
		{BFA64542-61D4-44A0-BCEC-C3D85F4A11C4}.Debug|Any CPU.ActiveCfg = Debug|Any CPU
		{BFA64542-61D4-44A0-BCEC-C3D85F4A11C4}.Debug|Any CPU.Build.0 = Debug|Any CPU
		{BFA64542-61D4-44A0-BCEC-C3D85F4A11C4}.Release|Any CPU.ActiveCfg = Release|Any CPU
		{BFA64542-61D4-44A0-BCEC-C3D85F4A11C4}.Release|Any CPU.Build.0 = Release|Any CPU
		{CC5ADC80-D22C-4508-85D6-5D4895D3C02D}.Debug|Any CPU.ActiveCfg = Debug|Any CPU
		{CC5ADC80-D22C-4508-85D6-5D4895D3C02D}.Debug|Any CPU.Build.0 = Debug|Any CPU
		{CC5ADC80-D22C-4508-85D6-5D4895D3C02D}.Release|Any CPU.ActiveCfg = Release|Any CPU
		{CC5ADC80-D22C-4508-85D6-5D4895D3C02D}.Release|Any CPU.Build.0 = Release|Any CPU
		{A5C740FE-D646-485D-B8E3-5EB79BBF0986}.Debug|Any CPU.ActiveCfg = Debug|Any CPU
		{A5C740FE-D646-485D-B8E3-5EB79BBF0986}.Debug|Any CPU.Build.0 = Debug|Any CPU
		{A5C740FE-D646-485D-B8E3-5EB79BBF0986}.Release|Any CPU.ActiveCfg = Release|Any CPU
		{A5C740FE-D646-485D-B8E3-5EB79BBF0986}.Release|Any CPU.Build.0 = Release|Any CPU
		{FF6484EF-DF22-465B-A705-83759DB71F3F}.Debug|Any CPU.ActiveCfg = Debug|Any CPU
		{FF6484EF-DF22-465B-A705-83759DB71F3F}.Debug|Any CPU.Build.0 = Debug|Any CPU
		{FF6484EF-DF22-465B-A705-83759DB71F3F}.Release|Any CPU.ActiveCfg = Release|Any CPU
		{FF6484EF-DF22-465B-A705-83759DB71F3F}.Release|Any CPU.Build.0 = Release|Any CPU
		{FB935516-2C7D-4F57-A77A-EE15605898D4}.Debug|Any CPU.ActiveCfg = Debug|Any CPU
		{FB935516-2C7D-4F57-A77A-EE15605898D4}.Debug|Any CPU.Build.0 = Debug|Any CPU
		{FB935516-2C7D-4F57-A77A-EE15605898D4}.Release|Any CPU.ActiveCfg = Release|Any CPU
		{FB935516-2C7D-4F57-A77A-EE15605898D4}.Release|Any CPU.Build.0 = Release|Any CPU
		{4325AAE5-AA9E-4BAF-A5C0-3FBC37747802}.Debug|Any CPU.ActiveCfg = Debug|Any CPU
		{4325AAE5-AA9E-4BAF-A5C0-3FBC37747802}.Debug|Any CPU.Build.0 = Debug|Any CPU
		{4325AAE5-AA9E-4BAF-A5C0-3FBC37747802}.Release|Any CPU.ActiveCfg = Release|Any CPU
		{4325AAE5-AA9E-4BAF-A5C0-3FBC37747802}.Release|Any CPU.Build.0 = Release|Any CPU
		{A6AB9971-C792-4AC3-9292-41013F2F615B}.Debug|Any CPU.ActiveCfg = Debug|Any CPU
		{A6AB9971-C792-4AC3-9292-41013F2F615B}.Debug|Any CPU.Build.0 = Debug|Any CPU
		{A6AB9971-C792-4AC3-9292-41013F2F615B}.Release|Any CPU.ActiveCfg = Release|Any CPU
		{A6AB9971-C792-4AC3-9292-41013F2F615B}.Release|Any CPU.Build.0 = Release|Any CPU
		{DB39C10C-C91A-4F86-A5E6-C954C6F748E2}.Debug|Any CPU.ActiveCfg = Debug|Any CPU
		{DB39C10C-C91A-4F86-A5E6-C954C6F748E2}.Debug|Any CPU.Build.0 = Debug|Any CPU
		{DB39C10C-C91A-4F86-A5E6-C954C6F748E2}.Release|Any CPU.ActiveCfg = Release|Any CPU
		{DB39C10C-C91A-4F86-A5E6-C954C6F748E2}.Release|Any CPU.Build.0 = Release|Any CPU
		{F0279E78-B71F-424E-B2E6-E1A60B41D7EE}.Debug|Any CPU.ActiveCfg = Debug|Any CPU
		{F0279E78-B71F-424E-B2E6-E1A60B41D7EE}.Debug|Any CPU.Build.0 = Debug|Any CPU
		{F0279E78-B71F-424E-B2E6-E1A60B41D7EE}.Release|Any CPU.ActiveCfg = Release|Any CPU
		{F0279E78-B71F-424E-B2E6-E1A60B41D7EE}.Release|Any CPU.Build.0 = Release|Any CPU
		{FAFD6EAD-211D-4B04-A0E8-E32B4CE1B948}.Debug|Any CPU.ActiveCfg = Debug|Any CPU
		{FAFD6EAD-211D-4B04-A0E8-E32B4CE1B948}.Debug|Any CPU.Build.0 = Debug|Any CPU
		{FAFD6EAD-211D-4B04-A0E8-E32B4CE1B948}.Release|Any CPU.ActiveCfg = Release|Any CPU
		{FAFD6EAD-211D-4B04-A0E8-E32B4CE1B948}.Release|Any CPU.Build.0 = Release|Any CPU
		{E393AD30-A3F9-4C29-8904-729E43792697}.Debug|Any CPU.ActiveCfg = Debug|Any CPU
		{E393AD30-A3F9-4C29-8904-729E43792697}.Debug|Any CPU.Build.0 = Debug|Any CPU
		{E393AD30-A3F9-4C29-8904-729E43792697}.Release|Any CPU.ActiveCfg = Release|Any CPU
		{E393AD30-A3F9-4C29-8904-729E43792697}.Release|Any CPU.Build.0 = Release|Any CPU
		{52D2F5A5-EA57-4320-9F0F-89B85F8E0830}.Debug|Any CPU.ActiveCfg = Debug|Any CPU
		{52D2F5A5-EA57-4320-9F0F-89B85F8E0830}.Debug|Any CPU.Build.0 = Debug|Any CPU
		{52D2F5A5-EA57-4320-9F0F-89B85F8E0830}.Release|Any CPU.ActiveCfg = Release|Any CPU
		{52D2F5A5-EA57-4320-9F0F-89B85F8E0830}.Release|Any CPU.Build.0 = Release|Any CPU
		{BBB06EB5-5B87-480F-AFCB-FAE030E4F9E8}.Debug|Any CPU.ActiveCfg = Debug|Any CPU
		{BBB06EB5-5B87-480F-AFCB-FAE030E4F9E8}.Debug|Any CPU.Build.0 = Debug|Any CPU
		{BBB06EB5-5B87-480F-AFCB-FAE030E4F9E8}.Release|Any CPU.ActiveCfg = Release|Any CPU
		{BBB06EB5-5B87-480F-AFCB-FAE030E4F9E8}.Release|Any CPU.Build.0 = Release|Any CPU
		{CAC59472-5A32-4B55-983B-0E42DE6DF5D4}.Debug|Any CPU.ActiveCfg = Debug|Any CPU
		{CAC59472-5A32-4B55-983B-0E42DE6DF5D4}.Debug|Any CPU.Build.0 = Debug|Any CPU
		{CAC59472-5A32-4B55-983B-0E42DE6DF5D4}.Release|Any CPU.ActiveCfg = Release|Any CPU
		{CAC59472-5A32-4B55-983B-0E42DE6DF5D4}.Release|Any CPU.Build.0 = Release|Any CPU
		{F5115FE2-F492-4416-98B0-EF78BDA6A2A9}.Debug|Any CPU.ActiveCfg = Debug|Any CPU
		{F5115FE2-F492-4416-98B0-EF78BDA6A2A9}.Debug|Any CPU.Build.0 = Debug|Any CPU
		{F5115FE2-F492-4416-98B0-EF78BDA6A2A9}.Release|Any CPU.ActiveCfg = Release|Any CPU
		{F5115FE2-F492-4416-98B0-EF78BDA6A2A9}.Release|Any CPU.Build.0 = Release|Any CPU
		{848B33F2-3FC2-4152-8384-810F4FEE1B8B}.Debug|Any CPU.ActiveCfg = Debug|Any CPU
		{848B33F2-3FC2-4152-8384-810F4FEE1B8B}.Debug|Any CPU.Build.0 = Debug|Any CPU
		{848B33F2-3FC2-4152-8384-810F4FEE1B8B}.Release|Any CPU.ActiveCfg = Release|Any CPU
		{848B33F2-3FC2-4152-8384-810F4FEE1B8B}.Release|Any CPU.Build.0 = Release|Any CPU
		{6885DA56-73D3-437C-A8E5-5D1856CE7360}.Debug|Any CPU.ActiveCfg = Debug|Any CPU
		{6885DA56-73D3-437C-A8E5-5D1856CE7360}.Debug|Any CPU.Build.0 = Debug|Any CPU
		{6885DA56-73D3-437C-A8E5-5D1856CE7360}.Release|Any CPU.ActiveCfg = Release|Any CPU
		{6885DA56-73D3-437C-A8E5-5D1856CE7360}.Release|Any CPU.Build.0 = Release|Any CPU
		{E56BC323-C64E-434C-A09A-38D7B5838E64}.Debug|Any CPU.ActiveCfg = Debug|Any CPU
		{E56BC323-C64E-434C-A09A-38D7B5838E64}.Debug|Any CPU.Build.0 = Debug|Any CPU
		{E56BC323-C64E-434C-A09A-38D7B5838E64}.Release|Any CPU.ActiveCfg = Release|Any CPU
		{E56BC323-C64E-434C-A09A-38D7B5838E64}.Release|Any CPU.Build.0 = Release|Any CPU
		{BE8E1E22-4192-4A00-B04F-7D64DEA0B2BD}.Debug|Any CPU.ActiveCfg = Debug|Any CPU
		{BE8E1E22-4192-4A00-B04F-7D64DEA0B2BD}.Debug|Any CPU.Build.0 = Debug|Any CPU
		{BE8E1E22-4192-4A00-B04F-7D64DEA0B2BD}.Release|Any CPU.ActiveCfg = Release|Any CPU
		{BE8E1E22-4192-4A00-B04F-7D64DEA0B2BD}.Release|Any CPU.Build.0 = Release|Any CPU
	EndGlobalSection
	GlobalSection(SolutionProperties) = preSolution
		HideSolutionNode = FALSE
	EndGlobalSection
	GlobalSection(ExtensibilityGlobals) = postSolution
		SolutionGuid = {916B102E-EE43-4160-87E5-761D4D4D8191}
	EndGlobalSection
EndGlobal
